
Microsoft Visual Studio Solution File, Format Version 12.00
# Visual Studio Version 16
VisualStudioVersion = 16.0.31205.134
MinimumVisualStudioVersion = 10.0.40219.1
Project("{9A19103F-16F7-4668-BE54-9A1E7A4F7556}") = "TaskAPI", "TaskAPI\TaskAPI.csproj", "{76C21DB6-5302-4F2E-9494-60A8A12ECFF5}"
EndProject
Project("{9A19103F-16F7-4668-BE54-9A1E7A4F7556}") = "TaskAPI.Models", "TaskAPI.Models\TaskAPI.Models.csproj", "{35CB40DD-68C7-48CF-A1BD-32D46B1502A4}"
EndProject
Project("{9A19103F-16F7-4668-BE54-9A1E7A4F7556}") = "TaskAPI.Services", "TaskAPI.Services\TaskAPI.Services.csproj", "{58C17913-017A-4676-9C4A-028C3CE51E4B}"
EndProject
Project("{FAE04EC0-301F-11D3-BF4B-00C04F79EFBC}") = "TaskAPI.DataAccess", "TaskAPI.DataAccess\TaskAPI.DataAccess.csproj", "{6375BC67-8334-4289-AD7F-4FEAC170AB99}"
EndProject
Global
	GlobalSection(SolutionConfigurationPlatforms) = preSolution
		Debug|Any CPU = Debug|Any CPU
		Release|Any CPU = Release|Any CPU
	EndGlobalSection
	GlobalSection(ProjectConfigurationPlatforms) = postSolution
		{76C21DB6-5302-4F2E-9494-60A8A12ECFF5}.Debug|Any CPU.ActiveCfg = Debug|Any CPU
		{76C21DB6-5302-4F2E-9494-60A8A12ECFF5}.Debug|Any CPU.Build.0 = Debug|Any CPU
		{76C21DB6-5302-4F2E-9494-60A8A12ECFF5}.Release|Any CPU.ActiveCfg = Release|Any CPU
		{76C21DB6-5302-4F2E-9494-60A8A12ECFF5}.Release|Any CPU.Build.0 = Release|Any CPU
		{35CB40DD-68C7-48CF-A1BD-32D46B1502A4}.Debug|Any CPU.ActiveCfg = Debug|Any CPU
		{35CB40DD-68C7-48CF-A1BD-32D46B1502A4}.Debug|Any CPU.Build.0 = Debug|Any CPU
		{35CB40DD-68C7-48CF-A1BD-32D46B1502A4}.Release|Any CPU.ActiveCfg = Release|Any CPU
		{35CB40DD-68C7-48CF-A1BD-32D46B1502A4}.Release|Any CPU.Build.0 = Release|Any CPU
		{58C17913-017A-4676-9C4A-028C3CE51E4B}.Debug|Any CPU.ActiveCfg = Debug|Any CPU
		{58C17913-017A-4676-9C4A-028C3CE51E4B}.Debug|Any CPU.Build.0 = Debug|Any CPU
		{58C17913-017A-4676-9C4A-028C3CE51E4B}.Release|Any CPU.ActiveCfg = Release|Any CPU
		{58C17913-017A-4676-9C4A-028C3CE51E4B}.Release|Any CPU.Build.0 = Release|Any CPU
		{6375BC67-8334-4289-AD7F-4FEAC170AB99}.Debug|Any CPU.ActiveCfg = Debug|Any CPU
		{6375BC67-8334-4289-AD7F-4FEAC170AB99}.Debug|Any CPU.Build.0 = Debug|Any CPU
		{6375BC67-8334-4289-AD7F-4FEAC170AB99}.Release|Any CPU.ActiveCfg = Release|Any CPU
		{6375BC67-8334-4289-AD7F-4FEAC170AB99}.Release|Any CPU.Build.0 = Release|Any CPU
	EndGlobalSection
	GlobalSection(SolutionProperties) = preSolution
		HideSolutionNode = FALSE
	EndGlobalSection
	GlobalSection(ExtensibilityGlobals) = postSolution
		SolutionGuid = {D70DBA7F-6F01-4DF6-8B79-991D63DF0349}
	EndGlobalSection
EndGlobal
